
Microsoft Visual Studio Solution File, Format Version 12.00
# Visual Studio 14
VisualStudioVersion = 14.0.25420.1
MinimumVisualStudioVersion = 10.0.40219.1
Project("{FAE04EC0-301F-11D3-BF4B-00C04F79EFBC}") = "Flying war", "Flying war\Flying war.csproj", "{35788036-4EBB-4FD6-8FB9-94340352F5E7}"
EndProject
Project("{FAE04EC0-301F-11D3-BF4B-00C04F79EFBC}") = "Server", "Server\Server.csproj", "{FF66B94D-40E3-480C-B6FD-709686D0E67D}"
EndProject
Global
	GlobalSection(SolutionConfigurationPlatforms) = preSolution
		Debug|Any CPU = Debug|Any CPU
		Release|Any CPU = Release|Any CPU
	EndGlobalSection
	GlobalSection(ProjectConfigurationPlatforms) = postSolution
		{35788036-4EBB-4FD6-8FB9-94340352F5E7}.Debug|Any CPU.ActiveCfg = Debug|Any CPU
		{35788036-4EBB-4FD6-8FB9-94340352F5E7}.Debug|Any CPU.Build.0 = Debug|Any CPU
		{35788036-4EBB-4FD6-8FB9-94340352F5E7}.Release|Any CPU.ActiveCfg = Release|Any CPU
		{35788036-4EBB-4FD6-8FB9-94340352F5E7}.Release|Any CPU.Build.0 = Release|Any CPU
		{FF66B94D-40E3-480C-B6FD-709686D0E67D}.Debug|Any CPU.ActiveCfg = Debug|Any CPU
		{FF66B94D-40E3-480C-B6FD-709686D0E67D}.Debug|Any CPU.Build.0 = Debug|Any CPU
		{FF66B94D-40E3-480C-B6FD-709686D0E67D}.Release|Any CPU.ActiveCfg = Release|Any CPU
		{FF66B94D-40E3-480C-B6FD-709686D0E67D}.Release|Any CPU.Build.0 = Release|Any CPU
	EndGlobalSection
	GlobalSection(SolutionProperties) = preSolution
		HideSolutionNode = FALSE
	EndGlobalSection
EndGlobal
